# This file was autogenerated by Stack.
# You should not edit this file by hand.
# For more information, please see the documentation at:
#   https://docs.haskellstack.org/en/stable/topics/lock_files

packages:
- completed:
    hackage: monatone-0.4.0.1@sha256:e1095298f0439e7ab950fa88efb0615aaa8719c28e63c6cbc3ff7fab4c270938,5407
    pantry-tree:
      sha256: eca30052c96bc68a6ed0c0f4aaa6cc21534f743f7f742aeb42c6573f03b29213
      size: 1993
  original:
    hackage: monatone-0.4.0.1
snapshots:
- completed:
    sha256: 0f728e30e843d7f00460ad56858b995a3b227fca683659c7df9f2fc3988a3ce1
    size: 732465
    url: https://raw.githubusercontent.com/commercialhaskell/stackage-snapshots/master/lts/24/59.yaml
  original:
    url: https://raw.githubusercontent.com/commercialhaskell/stackage-snapshots/master/lts/24/59.yaml
